
Microsoft Visual Studio Solution File, Format Version 12.00
Project("{2150E333-8FDC-42A3-9474-1A3956D46DE8}") = "src", "src", "{5B709EF2-E760-4264-ADB5-02730939AE35}"
EndProject
Project("{2150E333-8FDC-42A3-9474-1A3956D46DE8}") = "Core", "Core", "{41874FBD-B41A-42BA-B7D5-A1315FE861B6}"
EndProject
Project("{2150E333-8FDC-42A3-9474-1A3956D46DE8}") = "API", "API", "{CD4D0B22-E022-427B-BAB3-C548AEBA129C}"
EndProject
Project("{2150E333-8FDC-42A3-9474-1A3956D46DE8}") = "Infrastructure", "Infrastructure", "{8EAAA3B4-1F6F-4C68-A944-954ED0060505}"
EndProject
Project("{FAE04EC0-301F-11D3-BF4B-00C04F79EFBC}") = "IS.Order.Domain", "IS.Order.Domain\IS.Order.Domain.csproj", "{0180AAEC-57EE-4FA1-8BE8-E99010F5F0E7}"
EndProject
Project("{FAE04EC0-301F-11D3-BF4B-00C04F79EFBC}") = "IS.Order.Application", "IS.Order.Application\IS.Order.Application.csproj", "{1FFD046D-53DD-4C16-BE7F-BD92D022396B}"
EndProject
Project("{FAE04EC0-301F-11D3-BF4B-00C04F79EFBC}") = "IS.Order.Persistence", "IS.Order.Persistence\IS.Order.Persistence.csproj", "{AD1D38AD-E1EC-46A3-A0BA-F58E5D0F1CD5}"
EndProject
Project("{FAE04EC0-301F-11D3-BF4B-00C04F79EFBC}") = "IS.Order.Api", "IS.Order.Api\IS.Order.Api.csproj", "{9EA086BB-9E3A-4F77-850B-4515DB4EF0D4}"
EndProject
Project("{2150E333-8FDC-42A3-9474-1A3956D46DE8}") = "test", "test", "{466F8774-54D1-45D2-B0DC-ECAA0138EF8A}"
EndProject
Project("{FAE04EC0-301F-11D3-BF4B-00C04F79EFBC}") = "IS.Order.Application.UnitTest", "IS.Order.Application.UnitTest\IS.Order.Application.UnitTest.csproj", "{8CE9C873-9919-4887-B5F3-2D5BD0700BFC}"
EndProject
Project("{FAE04EC0-301F-11D3-BF4B-00C04F79EFBC}") = "IS.Order.Persistence.IntegrationTest", "IS.Order.Persistence.IntegrationTest\IS.Order.Persistence.IntegrationTest.csproj", "{8BB373C9-0AF7-4C8E-9168-AD346E025C3B}"
EndProject
Project("{FAE04EC0-301F-11D3-BF4B-00C04F79EFBC}") = "IS.Order.API.IntegrationTest", "IS.Order.API.IntegrationTest\IS.Order.API.IntegrationTest.csproj", "{5BF8C760-A4FF-4E7E-A3E4-3CED640062CE}"
EndProject
Global
	GlobalSection(SolutionConfigurationPlatforms) = preSolution
		Debug|Any CPU = Debug|Any CPU
		Release|Any CPU = Release|Any CPU
	EndGlobalSection
	GlobalSection(NestedProjects) = preSolution
		{41874FBD-B41A-42BA-B7D5-A1315FE861B6} = {5B709EF2-E760-4264-ADB5-02730939AE35}
		{CD4D0B22-E022-427B-BAB3-C548AEBA129C} = {5B709EF2-E760-4264-ADB5-02730939AE35}
		{8EAAA3B4-1F6F-4C68-A944-954ED0060505} = {5B709EF2-E760-4264-ADB5-02730939AE35}
		{0180AAEC-57EE-4FA1-8BE8-E99010F5F0E7} = {41874FBD-B41A-42BA-B7D5-A1315FE861B6}
		{1FFD046D-53DD-4C16-BE7F-BD92D022396B} = {41874FBD-B41A-42BA-B7D5-A1315FE861B6}
		{AD1D38AD-E1EC-46A3-A0BA-F58E5D0F1CD5} = {8EAAA3B4-1F6F-4C68-A944-954ED0060505}
		{9EA086BB-9E3A-4F77-850B-4515DB4EF0D4} = {CD4D0B22-E022-427B-BAB3-C548AEBA129C}
		{8CE9C873-9919-4887-B5F3-2D5BD0700BFC} = {466F8774-54D1-45D2-B0DC-ECAA0138EF8A}
		{8BB373C9-0AF7-4C8E-9168-AD346E025C3B} = {466F8774-54D1-45D2-B0DC-ECAA0138EF8A}
		{5BF8C760-A4FF-4E7E-A3E4-3CED640062CE} = {466F8774-54D1-45D2-B0DC-ECAA0138EF8A}
	EndGlobalSection
	GlobalSection(ProjectConfigurationPlatforms) = postSolution
		{0180AAEC-57EE-4FA1-8BE8-E99010F5F0E7}.Debug|Any CPU.ActiveCfg = Debug|Any CPU
		{0180AAEC-57EE-4FA1-8BE8-E99010F5F0E7}.Debug|Any CPU.Build.0 = Debug|Any CPU
		{0180AAEC-57EE-4FA1-8BE8-E99010F5F0E7}.Release|Any CPU.ActiveCfg = Release|Any CPU
		{0180AAEC-57EE-4FA1-8BE8-E99010F5F0E7}.Release|Any CPU.Build.0 = Release|Any CPU
		{1FFD046D-53DD-4C16-BE7F-BD92D022396B}.Debug|Any CPU.ActiveCfg = Debug|Any CPU
		{1FFD046D-53DD-4C16-BE7F-BD92D022396B}.Debug|Any CPU.Build.0 = Debug|Any CPU
		{1FFD046D-53DD-4C16-BE7F-BD92D022396B}.Release|Any CPU.ActiveCfg = Release|Any CPU
		{1FFD046D-53DD-4C16-BE7F-BD92D022396B}.Release|Any CPU.Build.0 = Release|Any CPU
		{AD1D38AD-E1EC-46A3-A0BA-F58E5D0F1CD5}.Debug|Any CPU.ActiveCfg = Debug|Any CPU
		{AD1D38AD-E1EC-46A3-A0BA-F58E5D0F1CD5}.Debug|Any CPU.Build.0 = Debug|Any CPU
		{AD1D38AD-E1EC-46A3-A0BA-F58E5D0F1CD5}.Release|Any CPU.ActiveCfg = Release|Any CPU
		{AD1D38AD-E1EC-46A3-A0BA-F58E5D0F1CD5}.Release|Any CPU.Build.0 = Release|Any CPU
		{9EA086BB-9E3A-4F77-850B-4515DB4EF0D4}.Debug|Any CPU.ActiveCfg = Debug|Any CPU
		{9EA086BB-9E3A-4F77-850B-4515DB4EF0D4}.Debug|Any CPU.Build.0 = Debug|Any CPU
		{9EA086BB-9E3A-4F77-850B-4515DB4EF0D4}.Release|Any CPU.ActiveCfg = Release|Any CPU
		{9EA086BB-9E3A-4F77-850B-4515DB4EF0D4}.Release|Any CPU.Build.0 = Release|Any CPU
		{8CE9C873-9919-4887-B5F3-2D5BD0700BFC}.Debug|Any CPU.ActiveCfg = Debug|Any CPU
		{8CE9C873-9919-4887-B5F3-2D5BD0700BFC}.Debug|Any CPU.Build.0 = Debug|Any CPU
		{8CE9C873-9919-4887-B5F3-2D5BD0700BFC}.Release|Any CPU.ActiveCfg = Release|Any CPU
		{8CE9C873-9919-4887-B5F3-2D5BD0700BFC}.Release|Any CPU.Build.0 = Release|Any CPU
		{8BB373C9-0AF7-4C8E-9168-AD346E025C3B}.Debug|Any CPU.ActiveCfg = Debug|Any CPU
		{8BB373C9-0AF7-4C8E-9168-AD346E025C3B}.Debug|Any CPU.Build.0 = Debug|Any CPU
		{8BB373C9-0AF7-4C8E-9168-AD346E025C3B}.Release|Any CPU.ActiveCfg = Release|Any CPU
		{8BB373C9-0AF7-4C8E-9168-AD346E025C3B}.Release|Any CPU.Build.0 = Release|Any CPU
		{5BF8C760-A4FF-4E7E-A3E4-3CED640062CE}.Debug|Any CPU.ActiveCfg = Debug|Any CPU
		{5BF8C760-A4FF-4E7E-A3E4-3CED640062CE}.Debug|Any CPU.Build.0 = Debug|Any CPU
		{5BF8C760-A4FF-4E7E-A3E4-3CED640062CE}.Release|Any CPU.ActiveCfg = Release|Any CPU
		{5BF8C760-A4FF-4E7E-A3E4-3CED640062CE}.Release|Any CPU.Build.0 = Release|Any CPU
	EndGlobalSection
EndGlobal
